<?xml version="1.0" encoding="utf-8"?>
<Project ToolsVersion="4.0" xmlns="http://schemas.microsoft.com/developer/msbuild/2003">
  <ItemGroup>
    <Filter Include="freertos">
      <UniqueIdentifier>{83c42231-3d98-40a1-9a9c-7487db378879}</UniqueIdentifier>
    </Filter>
    <Filter Include="lwip">
      <UniqueIdentifier>{bffbf4c3-d2a9-4e26-9e5c-3f48de4ee84a}</UniqueIdentifier>
    </Filter>
    <Filter Include="Emulator">
      <UniqueIdentifier>{9eab5cf5-d453-4427-8f9c-c2f31fed2e4b}</UniqueIdentifier>
    </Filter>
    <Filter Include="main">
      <UniqueIdentifier>{441c853e-cbbf-4689-b698-8fec077c039e}</UniqueIdentifier>
    </Filter>
    <Filter Include="PIC">
      <UniqueIdentifier>{a9c8f08b-c65d-4931-9647-e27ee5b923ad}</UniqueIdentifier>
    </Filter>
  </ItemGroup>
  <ItemGroup>
    <Text Include="ReadMe.txt" />
  </ItemGroup>
  <ItemGroup>
    <ClCompile Include="freertos\croutine.c">
      <Filter>freertos</Filter>
    </ClCompile>
    <ClCompile Include="freertos\list.c">
      <Filter>freertos</Filter>
    </ClCompile>
    <ClCompile Include="freertos\queue.c">
      <Filter>freertos</Filter>
    </ClCompile>
    <ClCompile Include="freertos\tasks.c">
      <Filter>freertos</Filter>
    </ClCompile>
    <ClCompile Include="freertos\timers.c">
      <Filter>freertos</Filter>
    </ClCompile>
    <ClCompile Include="freertos\portable\MemMang\heap_3.c">
      <Filter>freertos</Filter>
    </ClCompile>
    <ClCompile Include="freertos\portable\MSVC-MingW\port.c">
      <Filter>freertos</Filter>
    </ClCompile>
    <ClCompile Include="lwip\ethernet\lwip-1.4.0\ports\win32\sys_arch.c">
      <Filter>lwip</Filter>
    </ClCompile>
    <ClCompile Include="lwip\ethernet\lwip-1.4.0\src\api\api_lib.c">
      <Filter>lwip</Filter>
    </ClCompile>
    <ClCompile Include="lwip\ethernet\lwip-1.4.0\src\api\api_msg.c">
      <Filter>lwip</Filter>
    </ClCompile>
    <ClCompile Include="lwip\ethernet\lwip-1.4.0\src\api\err.c">
      <Filter>lwip</Filter>
    </ClCompile>
    <ClCompile Include="lwip\ethernet\lwip-1.4.0\src\api\netbuf.c">
      <Filter>lwip</Filter>
    </ClCompile>
    <ClCompile Include="lwip\ethernet\lwip-1.4.0\src\api\netdb.c">
      <Filter>lwip</Filter>
    </ClCompile>
    <ClCompile Include="lwip\ethernet\lwip-1.4.0\src\api\netifapi.c">
      <Filter>lwip</Filter>
    </ClCompile>
    <ClCompile Include="lwip\ethernet\lwip-1.4.0\src\api\sockets.c">
      <Filter>lwip</Filter>
    </ClCompile>
    <ClCompile Include="lwip\ethernet\lwip-1.4.0\src\api\tcpip.c">
      <Filter>lwip</Filter>
    </ClCompile>
    <ClCompile Include="lwip\ethernet\lwip-1.4.0\src\core\def.c">
      <Filter>lwip</Filter>
    </ClCompile>
    <ClCompile Include="lwip\ethernet\lwip-1.4.0\src\core\dhcp.c">
      <Filter>lwip</Filter>
    </ClCompile>
    <ClCompile Include="lwip\ethernet\lwip-1.4.0\src\core\dns.c">
      <Filter>lwip</Filter>
    </ClCompile>
    <ClCompile Include="lwip\ethernet\lwip-1.4.0\src\core\init.c">
      <Filter>lwip</Filter>
    </ClCompile>
    <ClCompile Include="lwip\ethernet\lwip-1.4.0\src\core\lwip_timers.c">
      <Filter>lwip</Filter>
    </ClCompile>
    <ClCompile Include="lwip\ethernet\lwip-1.4.0\src\core\mem.c">
      <Filter>lwip</Filter>
    </ClCompile>
    <ClCompile Include="lwip\ethernet\lwip-1.4.0\src\core\memp.c">
      <Filter>lwip</Filter>
    </ClCompile>
    <ClCompile Include="lwip\ethernet\lwip-1.4.0\src\core\netif.c">
      <Filter>lwip</Filter>
    </ClCompile>
    <ClCompile Include="lwip\ethernet\lwip-1.4.0\src\core\pbuf.c">
      <Filter>lwip</Filter>
    </ClCompile>
    <ClCompile Include="lwip\ethernet\lwip-1.4.0\src\core\raw.c">
      <Filter>lwip</Filter>
    </ClCompile>
    <ClCompile Include="lwip\ethernet\lwip-1.4.0\src\core\stats.c">
      <Filter>lwip</Filter>
    </ClCompile>
    <ClCompile Include="lwip\ethernet\lwip-1.4.0\src\core\sys.c">
      <Filter>lwip</Filter>
    </ClCompile>
    <ClCompile Include="lwip\ethernet\lwip-1.4.0\src\core\tcp.c">
      <Filter>lwip</Filter>
    </ClCompile>
    <ClCompile Include="lwip\ethernet\lwip-1.4.0\src\core\tcp_in.c">
      <Filter>lwip</Filter>
    </ClCompile>
    <ClCompile Include="lwip\ethernet\lwip-1.4.0\src\core\tcp_out.c">
      <Filter>lwip</Filter>
    </ClCompile>
    <ClCompile Include="lwip\ethernet\lwip-1.4.0\src\core\udp.c">
      <Filter>lwip</Filter>
    </ClCompile>
    <ClCompile Include="lwip\ethernet\lwip-1.4.0\src\core\ipv4\autoip.c">
      <Filter>lwip</Filter>
    </ClCompile>
    <ClCompile Include="lwip\ethernet\lwip-1.4.0\src\core\ipv4\icmp.c">
      <Filter>lwip</Filter>
    </ClCompile>
    <ClCompile Include="lwip\ethernet\lwip-1.4.0\src\core\ipv4\igmp.c">
      <Filter>lwip</Filter>
    </ClCompile>
    <ClCompile Include="lwip\ethernet\lwip-1.4.0\src\core\ipv4\inet.c">
      <Filter>lwip</Filter>
    </ClCompile>
    <ClCompile Include="lwip\ethernet\lwip-1.4.0\src\core\ipv4\inet_chksum.c">
      <Filter>lwip</Filter>
    </ClCompile>
    <ClCompile Include="lwip\ethernet\lwip-1.4.0\src\core\ipv4\ip.c">
      <Filter>lwip</Filter>
    </ClCompile>
    <ClCompile Include="lwip\ethernet\lwip-1.4.0\src\core\ipv4\ip_addr.c">
      <Filter>lwip</Filter>
    </ClCompile>
    <ClCompile Include="lwip\ethernet\lwip-1.4.0\src\core\ipv4\ip_frag.c">
      <Filter>lwip</Filter>
    </ClCompile>
    <ClCompile Include="lwip\ethernet\lwip-1.4.0\src\core\snmp\asn1_dec.c">
      <Filter>lwip</Filter>
    </ClCompile>
    <ClCompile Include="lwip\ethernet\lwip-1.4.0\src\core\snmp\asn1_enc.c">
      <Filter>lwip</Filter>
    </ClCompile>
    <ClCompile Include="lwip\ethernet\lwip-1.4.0\src\core\snmp\mib_structs.c">
      <Filter>lwip</Filter>
    </ClCompile>
    <ClCompile Include="lwip\ethernet\lwip-1.4.0\src\core\snmp\mib2.c">
      <Filter>lwip</Filter>
    </ClCompile>
    <ClCompile Include="lwip\ethernet\lwip-1.4.0\src\core\snmp\msg_in.c">
      <Filter>lwip</Filter>
    </ClCompile>
    <ClCompile Include="lwip\ethernet\lwip-1.4.0\src\core\snmp\msg_out.c">
      <Filter>lwip</Filter>
    </ClCompile>
    <ClCompile Include="lwip\ethernet\lwip-1.4.0\src\netif\etharp.c">
      <Filter>lwip</Filter>
    </ClCompile>
    <ClCompile Include="lwip\ethernet\lwip-1.4.0\ports\win32\ethernetif.c">
      <Filter>lwip</Filter>
    </ClCompile>
    <ClCompile Include="..\main\AllBoards.cpp">
      <Filter>main</Filter>
    </ClCompile>
    <ClCompile Include="..\main\Board.cpp">
      <Filter>main</Filter>
    </ClCompile>
    <ClCompile Include="..\main\BoardDirect.cpp">
      <Filter>main</Filter>
    </ClCompile>
    <ClCompile Include="emulator.cpp">
      <Filter>Emulator</Filter>
    </ClCompile>
    <ClCompile Include="..\main\main.cpp">
      <Filter>main</Filter>
    </ClCompile>
    <ClCompile Include="..\main\monitor.cpp">
      <Filter>main</Filter>
    </ClCompile>
    <ClCompile Include="..\main\MotorControl.c">
      <Filter>main</Filter>
    </ClCompile>
    <ClCompile Include="..\main\MotorDriver.cpp">
      <Filter>main</Filter>
    </ClCompile>
    <ClCompile Include="..\main\TouchSensing.cpp">
      <Filter>main</Filter>
    </ClCompile>
    <ClCompile Include="..\main\UartForBoards.cpp">
      <Filter>main</Filter>
    </ClCompile>
    <ClCompile Include="..\main\UdpCom.cpp">
      <Filter>main</Filter>
    </ClCompile>
    <ClCompile Include="..\..\PIC\control.c">
      <Filter>PIC</Filter>
    </ClCompile>
    <ClCompile Include="..\..\PIC\command.c">
      <Filter>PIC</Filter>
    </ClCompile>
    <ClCompile Include="..\..\PIC\env.c">
      <Filter>PIC</Filter>
    </ClCompile>
    <ClCompile Include="tsprintf.c">
      <Filter>Emulator</Filter>
    </ClCompile>
  </ItemGroup>
  <ItemGroup>
    <ClInclude Include="..\main\AllBoards.h">
      <Filter>main</Filter>
    </ClInclude>
    <ClInclude Include="..\main\ArrayRing.h">
      <Filter>main</Filter>
    </ClInclude>
    <ClInclude Include="..\main\Board.h">
      <Filter>main</Filter>
    </ClInclude>
    <ClInclude Include="..\main\BoardBase.h">
      <Filter>main</Filter>
    </ClInclude>
    <ClInclude Include="..\main\BoardDirect.h">
      <Filter>main</Filter>
    </ClInclude>
    <ClInclude Include="..\main\CommandWROOM.h">
      <Filter>main</Filter>
    </ClInclude>
    <ClInclude Include="..\main\monitor.h">
      <Filter>main</Filter>
    </ClInclude>
    <ClInclude Include="..\main\MotorDriver.h">
      <Filter>main</Filter>
    </ClInclude>
    <ClInclude Include="..\main\TinyContainer.h">
      <Filter>main</Filter>
    </ClInclude>
    <ClInclude Include="..\main\TouchSensing.h">
      <Filter>main</Filter>
    </ClInclude>
    <ClInclude Include="..\main\UartForBoards.h">
      <Filter>main</Filter>
    </ClInclude>
    <ClInclude Include="..\main\UdpCom.h">
      <Filter>main</Filter>
    </ClInclude>
    <ClInclude Include="..\main\UTRef.h">
      <Filter>main</Filter>
    </ClInclude>
    <ClInclude Include="..\main\wifiMan.h">
      <Filter>main</Filter>
    </ClInclude>
    <ClInclude Include="..\main\WroomEnv.h">
      <Filter>main</Filter>
    </ClInclude>
    <ClInclude Include="esp_event_loop.h">
      <Filter>Emulator</Filter>
    </ClInclude>
    <ClInclude Include="esp_log.h">
      <Filter>Emulator</Filter>
    </ClInclude>
    <ClInclude Include="FreeRTOSConfig.h">
      <Filter>Emulator</Filter>
    </ClInclude>
    <ClInclude Include="lwipcfg_msvc.h">
      <Filter>Emulator</Filter>
    </ClInclude>
    <ClInclude Include="lwipopts.h">
      <Filter>Emulator</Filter>
    </ClInclude>
    <ClInclude Include="..\..\PIC\control.h">
      <Filter>PIC</Filter>
    </ClInclude>
    <ClInclude Include="..\..\PIC\command.h">
      <Filter>PIC</Filter>
    </ClInclude>
    <ClInclude Include="..\..\PIC\commandCommon.h">
      <Filter>PIC</Filter>
    </ClInclude>
    <ClInclude Include="..\..\PIC\commandTemplate.h">
      <Filter>PIC</Filter>
    </ClInclude>
    <ClInclude Include="..\..\PIC\env.h">
      <Filter>PIC</Filter>
    </ClInclude>
  </ItemGroup>
</Project>